<?xml version="1.0" encoding="utf-8"?>
<Project ToolsVersion="4.0" xmlns="http://schemas.microsoft.com/developer/msbuild/2003">
  <ItemGroup>
    <Filter Include="源文件">
      <UniqueIdentifier>{4FC737F1-C7A5-4376-A066-2A32D752A2FF}</UniqueIdentifier>
      <Extensions>cpp;c;cc;cxx;def;odl;idl;hpj;bat;asm;asmx</Extensions>
    </Filter>
    <Filter Include="头文件">
      <UniqueIdentifier>{93995380-89BD-4b04-88EB-625FBE52EBFB}</UniqueIdentifier>
      <Extensions>h;hh;hpp;hxx;hm;inl;inc;ipp;xsd</Extensions>
    </Filter>
    <Filter Include="资源文件">
      <UniqueIdentifier>{67DA6AB6-F800-4c08-8B7A-83BB121AAD01}</UniqueIdentifier>
      <Extensions>rc;ico;cur;bmp;dlg;rc2;rct;bin;rgs;gif;jpg;jpeg;jpe;resx;tiff;tif;png;wav;mfcribbon-ms</Extensions>
    </Filter>
    <Filter Include="json">
      <UniqueIdentifier>{3c8e4803-6a44-432f-906f-615a638501b7}</UniqueIdentifier>
    </Filter>
  </ItemGroup>
  <ItemGroup>
    <ClCompile Include="main.cpp">
      <Filter>源文件</Filter>
    </ClCompile>
    <ClCompile Include="json\src\lib_json\json_reader.cpp">
      <Filter>json</Filter>
    </ClCompile>
    <ClCompile Include="json\src\lib_json\json_value.cpp">
      <Filter>json</Filter>
    </ClCompile>
    <ClCompile Include="json\src\lib_json\json_writer.cpp">
      <Filter>json</Filter>
    </ClCompile>
    <ClCompile Include="ControlUnit.cpp">
      <Filter>源文件</Filter>
    </ClCompile>
    <ClCompile Include="Message.cpp">
      <Filter>源文件</Filter>
    </ClCompile>
    <ClCompile Include="RouterWithDV.cpp">
      <Filter>源文件</Filter>
    </ClCompile>
    <ClCompile Include="RouterWithLS.cpp">
      <Filter>源文件</Filter>
    </ClCompile>
    <ClCompile Include="SocketService.cpp">
      <Filter>源文件</Filter>
    </ClCompile>
    <ClCompile Include="utils.cpp">
      <Filter>源文件</Filter>
    </ClCompile>
  </ItemGroup>
  <ItemGroup>
    <None Include="test.json">
      <Filter>资源文件</Filter>
    </None>
    <None Include="json\src\lib_json\json_internalarray.inl">
      <Filter>json</Filter>
    </None>
    <None Include="json\src\lib_json\json_internalmap.inl">
      <Filter>json</Filter>
    </None>
    <None Include="json\src\lib_json\json_valueiterator.inl">
      <Filter>json</Filter>
    </None>
    <None Include="json\src\lib_json\sconscript">
      <Filter>json</Filter>
    </None>
  </ItemGroup>
  <ItemGroup>
    <ClInclude Include="json\src\lib_json\json_batchallocator.h">
      <Filter>json</Filter>
    </ClInclude>
    <ClInclude Include="CImg.h">
      <Filter>头文件</Filter>
    </ClInclude>
    <ClInclude Include="ControlUnit.h">
      <Filter>头文件</Filter>
    </ClInclude>
    <ClInclude Include="Message.h">
      <Filter>头文件</Filter>
    </ClInclude>
    <ClInclude Include="ReadMe.h">
      <Filter>头文件</Filter>
    </ClInclude>
    <ClInclude Include="RouterWithDV.h">
      <Filter>头文件</Filter>
    </ClInclude>
    <ClInclude Include="RouterWithLS.h">
      <Filter>头文件</Filter>
    </ClInclude>
    <ClInclude Include="SocketService.h">
      <Filter>头文件</Filter>
    </ClInclude>
    <ClInclude Include="utils.h">
      <Filter>头文件</Filter>
    </ClInclude>
  </ItemGroup>
</Project>